
Microsoft Visual Studio Solution File, Format Version 12.00
# Visual Studio Version 17
VisualStudioVersion = 17.9.34728.123
MinimumVisualStudioVersion = 10.0.40219.1
Project("{FAE04EC0-301F-11D3-BF4B-00C04F79EFBC}") = "Valoriza", "Valoriza\Valoriza.csproj", "{6744939F-44E7-4C3A-B856-AF5BA60E2F1E}"
EndProject
Global
	GlobalSection(SolutionConfigurationPlatforms) = preSolution
		Debug|Any CPU = Debug|Any CPU
		Release|Any CPU = Release|Any CPU
	EndGlobalSection
	GlobalSection(ProjectConfigurationPlatforms) = postSolution
		{6744939F-44E7-4C3A-B856-AF5BA60E2F1E}.Debug|Any CPU.ActiveCfg = Debug|Any CPU
		{6744939F-44E7-4C3A-B856-AF5BA60E2F1E}.Debug|Any CPU.Build.0 = Debug|Any CPU
		{6744939F-44E7-4C3A-B856-AF5BA60E2F1E}.Release|Any CPU.ActiveCfg = Release|Any CPU
		{6744939F-44E7-4C3A-B856-AF5BA60E2F1E}.Release|Any CPU.Build.0 = Release|Any CPU
	EndGlobalSection
	GlobalSection(SolutionProperties) = preSolution
		HideSolutionNode = FALSE
	EndGlobalSection
	GlobalSection(ExtensibilityGlobals) = postSolution
		SolutionGuid = {FDE77F10-0EDB-4F77-A533-C717D87AD9E6}
	EndGlobalSection
EndGlobal
